{
  "requires": true,
  "lockfileVersion": 1,
  "dependencies": {
    "@syncfusion/ej2-base": {
      "version": "19.4.52",
      "resolved": "https://registry.npmjs.org/@syncfusion/ej2-base/-/ej2-base-19.4.52.tgz",
      "integrity": "sha512-BMJGjscgl5CGpWQW1y1osv+rcKBPYgPBpSfz8FA0XcqhL6wNjGomALmxHznk7QGWC/4bdUhx6AKsGHutMGm/PA==",
      "requires": {
        "@syncfusion/ej2-icons": "~19.4.52"
      }
    },
    "@syncfusion/ej2-buttons": {
      "version": "19.4.53",
      "resolved": "https://registry.npmjs.org/@syncfusion/ej2-buttons/-/ej2-buttons-19.4.53.tgz",
      "integrity": "sha512-zH1qvShUfiO8hNfBjzz5abkKgy3fPCusEDXgkaqvBhbbNn7jI73nKR8bLsy+DiIT8JDIivBzrvetKJCqfrrwEw==",
      "requires": {
        "@syncfusion/ej2-base": "~19.4.52"
      }
    },
    "@syncfusion/ej2-calendars": {
      "version": "19.4.54",
      "resolved": "https://registry.npmjs.org/@syncfusion/ej2-calendars/-/ej2-calendars-19.4.54.tgz",
      "integrity": "sha512-D1+gAJsrWTZO3wv0MCGk3I+I012qZTUUJU5DJZEuYWwSLawnixOPe6f/X2nIlEEPc2FTWNVSuMVWcofuTIsrMg==",
      "requires": {
        "@syncfusion/ej2-base": "~19.4.52",
        "@syncfusion/ej2-buttons": "~19.4.53",
        "@syncfusion/ej2-inputs": "~19.4.52",
        "@syncfusion/ej2-lists": "~19.4.52",
        "@syncfusion/ej2-popups": "~19.4.53"
      }
    },
    "@syncfusion/ej2-compression": {
      "version": "19.4.52",
      "resolved": "https://registry.npmjs.org/@syncfusion/ej2-compression/-/ej2-compression-19.4.52.tgz",
      "integrity": "sha512-6LBkM8cSfhiRVmbHpAs5uYLCOFS8XzYwui2qlIav66eWYIeQXs9KWvA5/Ppy3wtwy2pSXAnV9s1QDM1bBxv6TQ==",
      "requires": {
        "@syncfusion/ej2-file-utils": "~19.4.52"
      }
    },
    "@syncfusion/ej2-data": {
      "version": "19.4.54",
      "resolved": "https://registry.npmjs.org/@syncfusion/ej2-data/-/ej2-data-19.4.54.tgz",
      "integrity": "sha512-btJDjKepcaVGtNqVoblhYFhx4sAW1ju+Nq1CBPn4kO0AtRPBQ3Gi47uQgsstkxNMDrv+UG1hNi7PhHpPNOtwUQ==",
      "requires": {
        "@syncfusion/ej2-base": "~19.4.52"
      }
    },
    "@syncfusion/ej2-dropdowns": {
      "version": "19.4.54",
      "resolved": "https://registry.npmjs.org/@syncfusion/ej2-dropdowns/-/ej2-dropdowns-19.4.54.tgz",
      "integrity": "sha512-xvjOfjfDmwBYDrvuriwKqbYq5YW0rbSg+lCdfhYOVmPlq5Y2+PkWiP71lCuK7riJCc0CD0A7KpT6TTyJD8pIHg==",
      "requires": {
        "@syncfusion/ej2-base": "~19.4.52",
        "@syncfusion/ej2-data": "~19.4.54",
        "@syncfusion/ej2-inputs": "~19.4.52",
        "@syncfusion/ej2-lists": "~19.4.52",
        "@syncfusion/ej2-navigations": "~19.4.53",
        "@syncfusion/ej2-popups": "~19.4.53"
      }
    },
    "@syncfusion/ej2-excel-export": {
      "version": "19.4.52",
      "resolved": "https://registry.npmjs.org/@syncfusion/ej2-excel-export/-/ej2-excel-export-19.4.52.tgz",
      "integrity": "sha512-7i0kc18I6HavEtolDOzJbpMd9AUMkUUIRPRaGRsdfOeMu2lA5JmJ2UyUwXi7d4Mr07M3NrtBUoEYPJxXuTPjRA==",
      "requires": {
        "@syncfusion/ej2-base": "~19.4.52",
        "@syncfusion/ej2-compression": "~19.4.52"
      }
    },
    "@syncfusion/ej2-file-utils": {
      "version": "19.4.52",
      "resolved": "https://registry.npmjs.org/@syncfusion/ej2-file-utils/-/ej2-file-utils-19.4.52.tgz",
      "integrity": "sha512-4rMjft6arAaRVAbmsUxSRqpMlJ7azUAlVr5SNSJFNynJpsNK6CtXE4Pr7EQ7VfOnK8XhNskpSbcik5P2vm8Pdg=="
    },
    "@syncfusion/ej2-icons": {
      "version": "19.4.52",
      "resolved": "https://registry.npmjs.org/@syncfusion/ej2-icons/-/ej2-icons-19.4.52.tgz",
      "integrity": "sha512-hkEvuVA/soEdqFwFSGbj2Z9u6Ajb+4HZNYIKtw6aCwjn/FE5vFuGMFBdkLEX9BRkUl/e/uvyP6/TKBM/nfkY8A=="
    },
    "@syncfusion/ej2-inputs": {
      "version": "19.4.52",
      "resolved": "https://registry.npmjs.org/@syncfusion/ej2-inputs/-/ej2-inputs-19.4.52.tgz",
      "integrity": "sha512-141wT1W8DbXM50A1RVHOtruCyPncF6CDOU8RdhtFx9ydbXvbSXH+2i+vKr8UK23qC07z8+YB8/wV7ZAQ5vI0Bw==",
      "requires": {
        "@syncfusion/ej2-base": "~19.4.52",
        "@syncfusion/ej2-buttons": "~19.4.52",
        "@syncfusion/ej2-popups": "~19.4.52",
        "@syncfusion/ej2-splitbuttons": "~19.4.52"
      }
    },
    "@syncfusion/ej2-lists": {
      "version": "19.4.52",
      "resolved": "https://registry.npmjs.org/@syncfusion/ej2-lists/-/ej2-lists-19.4.52.tgz",
      "integrity": "sha512-gGtdOGT/x7QMvf8fMPkSom18+xrLaDYhmOY0Ars9lqbqmPmGyfVjFk1HIcYAUhCaPiqlW7XzNHWX/bwdEAD1XQ==",
      "requires": {
        "@syncfusion/ej2-base": "~19.4.52",
        "@syncfusion/ej2-buttons": "~19.4.52",
        "@syncfusion/ej2-data": "~19.4.52"
      }
    },
    "@syncfusion/ej2-navigations": {
      "version": "19.4.53",
      "resolved": "https://registry.npmjs.org/@syncfusion/ej2-navigations/-/ej2-navigations-19.4.53.tgz",
      "integrity": "sha512-cSZr9d1CXUq8lPiNtMqMfsBeg/w2OKZFzL/4WCJaG7xCnvkN3KOanV8KMVtTYU7W0YaQERpi6LmKtM6C7/xm/w==",
      "requires": {
        "@syncfusion/ej2-base": "~19.4.52",
        "@syncfusion/ej2-buttons": "~19.4.53",
        "@syncfusion/ej2-data": "~19.4.52",
        "@syncfusion/ej2-inputs": "~19.4.52",
        "@syncfusion/ej2-lists": "~19.4.52",
        "@syncfusion/ej2-popups": "~19.4.53"
      }
    },
    "@syncfusion/ej2-popups": {
      "version": "19.4.53",
      "resolved": "https://registry.npmjs.org/@syncfusion/ej2-popups/-/ej2-popups-19.4.53.tgz",
      "integrity": "sha512-B0Uen6IFsmPR3Ws8NIIszJ2ECpWrH7VFCqcGL1DQnp9tm6+iEafv84ziffVoC4nGj2mHaHl7tNSoZTnOo/TcgQ==",
      "requires": {
        "@syncfusion/ej2-base": "~19.4.52",
        "@syncfusion/ej2-buttons": "~19.4.53"
      }
    },
    "@syncfusion/ej2-react-base": {
      "version": "19.4.53",
      "resolved": "https://registry.npmjs.org/@syncfusion/ej2-react-base/-/ej2-react-base-19.4.53.tgz",
      "integrity": "sha512-xQnnwDRv0STBauqxLXtTDshuUYYCT+PljeDXzcyupEckAJI/+B1jhsp8/p4nEQVtGhZadWh2G0Mrzoe55sYjjw==",
      "requires": {
        "@syncfusion/ej2-base": "~19.4.52"
      }
    },
    "@syncfusion/ej2-react-schedule": {
      "version": "19.4.52",
      "resolved": "https://registry.npmjs.org/@syncfusion/ej2-react-schedule/-/ej2-react-schedule-19.4.52.tgz",
      "integrity": "sha512-cdrcrq0QLK1QzoM9s4TAdVwcVYhXjrM5KeUVsPwJeHIS/RUP2yn4NcS7S+QJAA9x+2v9ryaDt71nrVRoTd0rjA==",
      "requires": {
        "@syncfusion/ej2-base": "~19.4.52",
        "@syncfusion/ej2-react-base": "~19.4.52",
        "@syncfusion/ej2-schedule": "19.4.52"
      }
    },
    "@syncfusion/ej2-schedule": {
      "version": "19.4.52",
      "resolved": "https://registry.npmjs.org/@syncfusion/ej2-schedule/-/ej2-schedule-19.4.52.tgz",
      "integrity": "sha512-I47fI0I5N+1enZNw890nO3RvtLtHkq2vqb4duBERIGiiXrMoKORgWXGp3jmLI6RNA3h3gj4u5ocGQub6rp/RzQ==",
      "requires": {
        "@syncfusion/ej2-base": "~19.4.52",
        "@syncfusion/ej2-buttons": "~19.4.52",
        "@syncfusion/ej2-calendars": "~19.4.52",
        "@syncfusion/ej2-data": "~19.4.52",
        "@syncfusion/ej2-dropdowns": "~19.4.52",
        "@syncfusion/ej2-excel-export": "~19.4.52",
        "@syncfusion/ej2-inputs": "~19.4.52",
        "@syncfusion/ej2-lists": "~19.4.52",
        "@syncfusion/ej2-navigations": "~19.4.52",
        "@syncfusion/ej2-popups": "~19.4.52"
      }
    },
    "@syncfusion/ej2-splitbuttons": {
      "version": "19.4.52",
      "resolved": "https://registry.npmjs.org/@syncfusion/ej2-splitbuttons/-/ej2-splitbuttons-19.4.52.tgz",
      "integrity": "sha512-EmUh/3gwW04nCF/0UUfS6w3nl6Sy62ysPFqzwFTu9972DHr4R5W7t147PMJnFRa9Q0i/ud5a9/jERU7quaxBDw==",
      "requires": {
        "@syncfusion/ej2-base": "~19.4.52",
        "@syncfusion/ej2-popups": "~19.4.52"
      }
    }
  }
}
